
Microsoft Visual Studio Solution File, Format Version 12.00
# Visual Studio 15
VisualStudioVersion = 15.0.28307.168
MinimumVisualStudioVersion = 10.0.40219.1
Project("{9A19103F-16F7-4668-BE54-9A1E7A4F7556}") = "Renegade.Collections", "Renegade.Collections.Node\Renegade.Collections.csproj", "{43891C34-9989-429B-BEE1-CDC722939520}"
EndProject
Project("{FAE04EC0-301F-11D3-BF4B-00C04F79EFBC}") = "Renegade.Collections.Tests", "Renegade.Collections.Tests\Renegade.Collections.Tests.csproj", "{6979F5EE-49AD-4D0E-8097-2DFBD819D417}"
EndProject
Project("{FAE04EC0-301F-11D3-BF4B-00C04F79EFBC}") = "Renegade.Collections.Process", "Renegade.Collections.Process\Renegade.Collections.Process.csproj", "{1E42834F-68FB-429A-AB02-D8F3D8689B55}"
EndProject
Global
	GlobalSection(SolutionConfigurationPlatforms) = preSolution
		Debug|Any CPU = Debug|Any CPU
		Release|Any CPU = Release|Any CPU
	EndGlobalSection
	GlobalSection(ProjectConfigurationPlatforms) = postSolution
		{43891C34-9989-429B-BEE1-CDC722939520}.Debug|Any CPU.ActiveCfg = Debug|Any CPU
		{43891C34-9989-429B-BEE1-CDC722939520}.Debug|Any CPU.Build.0 = Debug|Any CPU
		{43891C34-9989-429B-BEE1-CDC722939520}.Release|Any CPU.ActiveCfg = Release|Any CPU
		{43891C34-9989-429B-BEE1-CDC722939520}.Release|Any CPU.Build.0 = Release|Any CPU
		{6979F5EE-49AD-4D0E-8097-2DFBD819D417}.Debug|Any CPU.ActiveCfg = Debug|Any CPU
		{6979F5EE-49AD-4D0E-8097-2DFBD819D417}.Debug|Any CPU.Build.0 = Debug|Any CPU
		{6979F5EE-49AD-4D0E-8097-2DFBD819D417}.Release|Any CPU.ActiveCfg = Release|Any CPU
		{6979F5EE-49AD-4D0E-8097-2DFBD819D417}.Release|Any CPU.Build.0 = Release|Any CPU
		{1E42834F-68FB-429A-AB02-D8F3D8689B55}.Debug|Any CPU.ActiveCfg = Debug|Any CPU
		{1E42834F-68FB-429A-AB02-D8F3D8689B55}.Debug|Any CPU.Build.0 = Debug|Any CPU
		{1E42834F-68FB-429A-AB02-D8F3D8689B55}.Release|Any CPU.ActiveCfg = Release|Any CPU
		{1E42834F-68FB-429A-AB02-D8F3D8689B55}.Release|Any CPU.Build.0 = Release|Any CPU
	EndGlobalSection
	GlobalSection(SolutionProperties) = preSolution
		HideSolutionNode = FALSE
	EndGlobalSection
	GlobalSection(ExtensibilityGlobals) = postSolution
		SolutionGuid = {05E8BEE9-18C8-496F-B1F3-0212EF7F7F4B}
	EndGlobalSection
EndGlobal
