
Microsoft Visual Studio Solution File, Format Version 12.00
# Visual Studio 15
VisualStudioVersion = 15.0.28307.168
MinimumVisualStudioVersion = 10.0.40219.1
Project("{FAE04EC0-301F-11D3-BF4B-00C04F79EFBC}") = "Renegade.Challenges.String", "Renegade.Challenges.String\Renegade.Challenges.String.csproj", "{6798207D-DCA0-48E2-88D2-82E36006E69B}"
EndProject
Project("{FAE04EC0-301F-11D3-BF4B-00C04F79EFBC}") = "Renegade.Challenges.String.Tests", "Renegade.Challenges.String.Tests\Renegade.Challenges.String.Tests.csproj", "{582F7410-80A3-4D7C-B35F-485A3FCF073A}"
EndProject
Project("{FAE04EC0-301F-11D3-BF4B-00C04F79EFBC}") = "Renegade.Challenges.Stack", "Renegade.Challenges.Stack\Renegade.Challenges.Stack.csproj", "{0826B658-03B0-4FBE-B444-BF1B147A3C56}"
EndProject
Project("{2150E333-8FDC-42A3-9474-1A3956D46DE8}") = "_Tests", "_Tests", "{46DA1E6B-46D6-4D4E-8D1F-46293286CBCA}"
EndProject
Project("{FAE04EC0-301F-11D3-BF4B-00C04F79EFBC}") = "Renegade.Challenges.Stack.Tests", "Renegade.Challenges.Stack.Tests\Renegade.Challenges.Stack.Tests.csproj", "{363625A9-C52A-40E2-8A01-73388B93BD11}"
EndProject
Global
	GlobalSection(SolutionConfigurationPlatforms) = preSolution
		Debug|Any CPU = Debug|Any CPU
		Release|Any CPU = Release|Any CPU
	EndGlobalSection
	GlobalSection(ProjectConfigurationPlatforms) = postSolution
		{6798207D-DCA0-48E2-88D2-82E36006E69B}.Debug|Any CPU.ActiveCfg = Debug|Any CPU
		{6798207D-DCA0-48E2-88D2-82E36006E69B}.Debug|Any CPU.Build.0 = Debug|Any CPU
		{6798207D-DCA0-48E2-88D2-82E36006E69B}.Release|Any CPU.ActiveCfg = Release|Any CPU
		{6798207D-DCA0-48E2-88D2-82E36006E69B}.Release|Any CPU.Build.0 = Release|Any CPU
		{582F7410-80A3-4D7C-B35F-485A3FCF073A}.Debug|Any CPU.ActiveCfg = Debug|Any CPU
		{582F7410-80A3-4D7C-B35F-485A3FCF073A}.Debug|Any CPU.Build.0 = Debug|Any CPU
		{582F7410-80A3-4D7C-B35F-485A3FCF073A}.Release|Any CPU.ActiveCfg = Release|Any CPU
		{582F7410-80A3-4D7C-B35F-485A3FCF073A}.Release|Any CPU.Build.0 = Release|Any CPU
		{0826B658-03B0-4FBE-B444-BF1B147A3C56}.Debug|Any CPU.ActiveCfg = Debug|Any CPU
		{0826B658-03B0-4FBE-B444-BF1B147A3C56}.Debug|Any CPU.Build.0 = Debug|Any CPU
		{0826B658-03B0-4FBE-B444-BF1B147A3C56}.Release|Any CPU.ActiveCfg = Release|Any CPU
		{0826B658-03B0-4FBE-B444-BF1B147A3C56}.Release|Any CPU.Build.0 = Release|Any CPU
		{363625A9-C52A-40E2-8A01-73388B93BD11}.Debug|Any CPU.ActiveCfg = Debug|Any CPU
		{363625A9-C52A-40E2-8A01-73388B93BD11}.Debug|Any CPU.Build.0 = Debug|Any CPU
		{363625A9-C52A-40E2-8A01-73388B93BD11}.Release|Any CPU.ActiveCfg = Release|Any CPU
		{363625A9-C52A-40E2-8A01-73388B93BD11}.Release|Any CPU.Build.0 = Release|Any CPU
	EndGlobalSection
	GlobalSection(SolutionProperties) = preSolution
		HideSolutionNode = FALSE
	EndGlobalSection
	GlobalSection(NestedProjects) = preSolution
		{582F7410-80A3-4D7C-B35F-485A3FCF073A} = {46DA1E6B-46D6-4D4E-8D1F-46293286CBCA}
		{363625A9-C52A-40E2-8A01-73388B93BD11} = {46DA1E6B-46D6-4D4E-8D1F-46293286CBCA}
	EndGlobalSection
	GlobalSection(ExtensibilityGlobals) = postSolution
		SolutionGuid = {699F6DF4-62B1-4801-9D7A-953CCD59D5DC}
	EndGlobalSection
EndGlobal
